
Microsoft Visual Studio Solution File, Format Version 11.00
# Visual Studio 2010
Project("{FAE04EC0-301F-11D3-BF4B-00C04F79EFBC}") = "VsatXpolRmp", "VsatXpolRmp.csproj", "{C6A760D7-C7FD-4C63-BA22-12E4963E8869}"
EndProject
Project("{FAE04EC0-301F-11D3-BF4B-00C04F79EFBC}") = "MainstreamData.Monitoring", "..\MainstreamData.Monitoring\MainstreamData.Monitoring.csproj", "{3CC5856D-C6D3-47F8-80B0-897A011C6504}"
EndProject
Project("{FAE04EC0-301F-11D3-BF4B-00C04F79EFBC}") = "MainstreamData.Data", "..\MainstreamData.Data\MainstreamData.Data.csproj", "{75C209CA-BB02-4D36-8892-533120184022}"
EndProject
Project("{FAE04EC0-301F-11D3-BF4B-00C04F79EFBC}") = "MainstreamData.ExceptionHandling", "..\MainstreamData.ExceptionHandling\MainstreamData.ExceptionHandling.csproj", "{0DD3E7E4-15CF-443A-BC18-22047F8A7E52}"
EndProject
Project("{FAE04EC0-301F-11D3-BF4B-00C04F79EFBC}") = "MainstreamData.Logging", "..\MainstreamData.Logging\MainstreamData.Logging.csproj", "{B1218A61-7E67-4842-8847-48A1102768E1}"
EndProject
Project("{FAE04EC0-301F-11D3-BF4B-00C04F79EFBC}") = "MainstreamData.Utility", "..\MainstreamData.Utility\MainstreamData.Utility.csproj", "{AEA48EBE-0953-441A-B4EE-018EA24DD5B2}"
EndProject
Project("{54435603-DBB4-11D2-8724-00A0C9A8B90C}") = "Setup", "Setup\Setup.vdproj", "{45CC558D-065A-43C4-A7FA-D82256E1F1A8}"
EndProject
Project("{FAE04EC0-301F-11D3-BF4B-00C04F79EFBC}") = "MainstreamData.Monitoring.VsatXpol", "..\MainstreamData.Monitoring.VsatXpol\MainstreamData.Monitoring.VsatXpol.csproj", "{559F4D15-9A17-47E0-8A4C-F26745BCAFDF}"
EndProject
Project("{FAE04EC0-301F-11D3-BF4B-00C04F79EFBC}") = "MainstreamData.Monitoring.VsatXpolLmp", "..\MainstreamData.Monitoring.VsatXpolLmp\MainstreamData.Monitoring.VsatXpolLmp.csproj", "{C8F81681-9D12-4DBE-8F33-A2216B126366}"
EndProject
Global
	GlobalSection(SourceCodeControl) = preSolution
		SccNumberOfProjects = 10
		SccLocalPath0 = .
		SccProjectUniqueName1 = ..\\MainstreamData.Monitoring\\MainstreamData.Monitoring.csproj
		SccProjectName1 = \u0022$/Custom\u0020Engineering/HAL/Modules/Monitor\u0020Point\u0020Framework/MainstreamData.Monitoring\u0022,\u0020WJRKAAAA
		SccLocalPath1 = ..\\MainstreamData.Monitoring
		SccProjectUniqueName2 = ..\\MainstreamData.Data\\MainstreamData.Data.csproj
		SccProjectName2 = \u0022$/Custom\u0020Engineering/HAL/Modules/Monitor\u0020Point\u0020Framework/MainstreamData.Data\u0022,\u0020TJRKAAAA
		SccLocalPath2 = ..\\MainstreamData.Data
		SccProjectUniqueName3 = ..\\MainstreamData.ExceptionHandling\\MainstreamData.ExceptionHandling.csproj
		SccProjectName3 = \u0022$/Custom\u0020Engineering/HAL/Modules/Monitor\u0020Point\u0020Framework/MainstreamData.ExceptionHandling\u0022,\u0020UJRKAAAA
		SccLocalPath3 = ..\\MainstreamData.ExceptionHandling
		SccProjectUniqueName4 = ..\\MainstreamData.Logging\\MainstreamData.Logging.csproj
		SccProjectName4 = \u0022$/Custom\u0020Engineering/HAL/Modules/Monitor\u0020Point\u0020Framework/MainstreamData.Logging\u0022,\u0020VJRKAAAA
		SccLocalPath4 = ..\\MainstreamData.Logging
		SccProjectUniqueName5 = ..\\MainstreamData.Utility\\MainstreamData.Utility.csproj
		SccProjectName5 = \u0022$/Custom\u0020Engineering/HAL/Modules/Monitor\u0020Point\u0020Framework/MainstreamData.Utility\u0022,\u0020XJRKAAAA
		SccLocalPath5 = ..\\MainstreamData.Utility
		SccProjectUniqueName6 = ..\\MainstreamData.Monitoring.VsatXpol\\MainstreamData.Monitoring.VsatXpol.csproj
		SccProjectName6 = \u0022$/Custom\u0020Engineering/HAL/Modules/MainstreamData.Monitoring.VsatXpol\u0022,\u0020UVXLAAAA
		SccLocalPath6 = ..\\MainstreamData.Monitoring.VsatXpol
		SccProjectUniqueName7 = ..\\MainstreamData.Monitoring.VsatXpolLmp\\MainstreamData.Monitoring.VsatXpolLmp.csproj
		SccProjectName7 = \u0022$/Custom\u0020Engineering/HAL/Modules/MainstreamData.Monitoring.VsatXpolLmp\u0022,\u0020ALYLAAAA
		SccLocalPath7 = ..\\MainstreamData.Monitoring.VsatXpolLmp
		SccProjectUniqueName8 = VsatXpolRmp.csproj
		SccLocalPath8 = .
		SccProjectUniqueName9 = Setup\\Setup.vdproj
		SccProjectName9 = \u0022$/Custom\u0020Engineering/HAL/Modules/VsatXpolRmp/Setup\u0022,\u0020IVXLAAAA
		SccLocalPath9 = Setup
	EndGlobalSection
	GlobalSection(SolutionConfigurationPlatforms) = preSolution
		Debug|Any CPU = Debug|Any CPU
		Debug|x86 = Debug|x86
		Release|Any CPU = Release|Any CPU
		Release|x86 = Release|x86
	EndGlobalSection
	GlobalSection(ProjectConfigurationPlatforms) = postSolution
		{C6A760D7-C7FD-4C63-BA22-12E4963E8869}.Debug|Any CPU.ActiveCfg = Debug|Any CPU
		{C6A760D7-C7FD-4C63-BA22-12E4963E8869}.Debug|Any CPU.Build.0 = Debug|Any CPU
		{C6A760D7-C7FD-4C63-BA22-12E4963E8869}.Debug|x86.ActiveCfg = Debug|x86
		{C6A760D7-C7FD-4C63-BA22-12E4963E8869}.Debug|x86.Build.0 = Debug|x86
		{C6A760D7-C7FD-4C63-BA22-12E4963E8869}.Release|Any CPU.ActiveCfg = Release|Any CPU
		{C6A760D7-C7FD-4C63-BA22-12E4963E8869}.Release|Any CPU.Build.0 = Release|Any CPU
		{C6A760D7-C7FD-4C63-BA22-12E4963E8869}.Release|x86.ActiveCfg = Release|x86
		{C6A760D7-C7FD-4C63-BA22-12E4963E8869}.Release|x86.Build.0 = Release|x86
		{3CC5856D-C6D3-47F8-80B0-897A011C6504}.Debug|Any CPU.ActiveCfg = Debug|Any CPU
		{3CC5856D-C6D3-47F8-80B0-897A011C6504}.Debug|Any CPU.Build.0 = Debug|Any CPU
		{3CC5856D-C6D3-47F8-80B0-897A011C6504}.Debug|x86.ActiveCfg = Debug|x86
		{3CC5856D-C6D3-47F8-80B0-897A011C6504}.Debug|x86.Build.0 = Debug|x86
		{3CC5856D-C6D3-47F8-80B0-897A011C6504}.Release|Any CPU.ActiveCfg = Release|Any CPU
		{3CC5856D-C6D3-47F8-80B0-897A011C6504}.Release|Any CPU.Build.0 = Release|Any CPU
		{3CC5856D-C6D3-47F8-80B0-897A011C6504}.Release|x86.ActiveCfg = Release|x86
		{3CC5856D-C6D3-47F8-80B0-897A011C6504}.Release|x86.Build.0 = Release|x86
		{75C209CA-BB02-4D36-8892-533120184022}.Debug|Any CPU.ActiveCfg = Debug|Any CPU
		{75C209CA-BB02-4D36-8892-533120184022}.Debug|Any CPU.Build.0 = Debug|Any CPU
		{75C209CA-BB02-4D36-8892-533120184022}.Debug|x86.ActiveCfg = Debug|x86
		{75C209CA-BB02-4D36-8892-533120184022}.Debug|x86.Build.0 = Debug|x86
		{75C209CA-BB02-4D36-8892-533120184022}.Release|Any CPU.ActiveCfg = Release|Any CPU
		{75C209CA-BB02-4D36-8892-533120184022}.Release|Any CPU.Build.0 = Release|Any CPU
		{75C209CA-BB02-4D36-8892-533120184022}.Release|x86.ActiveCfg = Release|x86
		{75C209CA-BB02-4D36-8892-533120184022}.Release|x86.Build.0 = Release|x86
		{0DD3E7E4-15CF-443A-BC18-22047F8A7E52}.Debug|Any CPU.ActiveCfg = Debug|Any CPU
		{0DD3E7E4-15CF-443A-BC18-22047F8A7E52}.Debug|Any CPU.Build.0 = Debug|Any CPU
		{0DD3E7E4-15CF-443A-BC18-22047F8A7E52}.Debug|x86.ActiveCfg = Debug|x86
		{0DD3E7E4-15CF-443A-BC18-22047F8A7E52}.Debug|x86.Build.0 = Debug|x86
		{0DD3E7E4-15CF-443A-BC18-22047F8A7E52}.Release|Any CPU.ActiveCfg = Release|Any CPU
		{0DD3E7E4-15CF-443A-BC18-22047F8A7E52}.Release|Any CPU.Build.0 = Release|Any CPU
		{0DD3E7E4-15CF-443A-BC18-22047F8A7E52}.Release|x86.ActiveCfg = Release|x86
		{0DD3E7E4-15CF-443A-BC18-22047F8A7E52}.Release|x86.Build.0 = Release|x86
		{B1218A61-7E67-4842-8847-48A1102768E1}.Debug|Any CPU.ActiveCfg = Debug|Any CPU
		{B1218A61-7E67-4842-8847-48A1102768E1}.Debug|Any CPU.Build.0 = Debug|Any CPU
		{B1218A61-7E67-4842-8847-48A1102768E1}.Debug|x86.ActiveCfg = Debug|x86
		{B1218A61-7E67-4842-8847-48A1102768E1}.Debug|x86.Build.0 = Debug|x86
		{B1218A61-7E67-4842-8847-48A1102768E1}.Release|Any CPU.ActiveCfg = Release|Any CPU
		{B1218A61-7E67-4842-8847-48A1102768E1}.Release|Any CPU.Build.0 = Release|Any CPU
		{B1218A61-7E67-4842-8847-48A1102768E1}.Release|x86.ActiveCfg = Release|x86
		{B1218A61-7E67-4842-8847-48A1102768E1}.Release|x86.Build.0 = Release|x86
		{AEA48EBE-0953-441A-B4EE-018EA24DD5B2}.Debug|Any CPU.ActiveCfg = Debug|Any CPU
		{AEA48EBE-0953-441A-B4EE-018EA24DD5B2}.Debug|Any CPU.Build.0 = Debug|Any CPU
		{AEA48EBE-0953-441A-B4EE-018EA24DD5B2}.Debug|x86.ActiveCfg = Debug|x86
		{AEA48EBE-0953-441A-B4EE-018EA24DD5B2}.Debug|x86.Build.0 = Debug|x86
		{AEA48EBE-0953-441A-B4EE-018EA24DD5B2}.Release|Any CPU.ActiveCfg = Release|Any CPU
		{AEA48EBE-0953-441A-B4EE-018EA24DD5B2}.Release|Any CPU.Build.0 = Release|Any CPU
		{AEA48EBE-0953-441A-B4EE-018EA24DD5B2}.Release|x86.ActiveCfg = Release|x86
		{AEA48EBE-0953-441A-B4EE-018EA24DD5B2}.Release|x86.Build.0 = Release|x86
		{45CC558D-065A-43C4-A7FA-D82256E1F1A8}.Debug|Any CPU.ActiveCfg = Debug
		{45CC558D-065A-43C4-A7FA-D82256E1F1A8}.Debug|Any CPU.Build.0 = Debug
		{45CC558D-065A-43C4-A7FA-D82256E1F1A8}.Debug|x86.ActiveCfg = Debug
		{45CC558D-065A-43C4-A7FA-D82256E1F1A8}.Release|Any CPU.ActiveCfg = Release
		{45CC558D-065A-43C4-A7FA-D82256E1F1A8}.Release|Any CPU.Build.0 = Release
		{45CC558D-065A-43C4-A7FA-D82256E1F1A8}.Release|x86.ActiveCfg = Release
		{45CC558D-065A-43C4-A7FA-D82256E1F1A8}.Release|x86.Build.0 = Release
		{559F4D15-9A17-47E0-8A4C-F26745BCAFDF}.Debug|Any CPU.ActiveCfg = Debug|Any CPU
		{559F4D15-9A17-47E0-8A4C-F26745BCAFDF}.Debug|x86.ActiveCfg = Debug|x86
		{559F4D15-9A17-47E0-8A4C-F26745BCAFDF}.Debug|x86.Build.0 = Debug|x86
		{559F4D15-9A17-47E0-8A4C-F26745BCAFDF}.Release|Any CPU.ActiveCfg = Release|Any CPU
		{559F4D15-9A17-47E0-8A4C-F26745BCAFDF}.Release|x86.ActiveCfg = Release|x86
		{559F4D15-9A17-47E0-8A4C-F26745BCAFDF}.Release|x86.Build.0 = Release|x86
		{C8F81681-9D12-4DBE-8F33-A2216B126366}.Debug|Any CPU.ActiveCfg = Debug|Any CPU
		{C8F81681-9D12-4DBE-8F33-A2216B126366}.Debug|Any CPU.Build.0 = Debug|Any CPU
		{C8F81681-9D12-4DBE-8F33-A2216B126366}.Debug|x86.ActiveCfg = Debug|x86
		{C8F81681-9D12-4DBE-8F33-A2216B126366}.Debug|x86.Build.0 = Debug|x86
		{C8F81681-9D12-4DBE-8F33-A2216B126366}.Release|Any CPU.ActiveCfg = Release|Any CPU
		{C8F81681-9D12-4DBE-8F33-A2216B126366}.Release|Any CPU.Build.0 = Release|Any CPU
		{C8F81681-9D12-4DBE-8F33-A2216B126366}.Release|x86.ActiveCfg = Release|x86
		{C8F81681-9D12-4DBE-8F33-A2216B126366}.Release|x86.Build.0 = Release|x86
	EndGlobalSection
	GlobalSection(SolutionProperties) = preSolution
		HideSolutionNode = FALSE
	EndGlobalSection
EndGlobal
